{
  "name": "test1trial",
  "lockfileVersion": 3,
  "requires": true,
  "packages": {
    "": {
      "dependencies": {
        "touch-cli": "^0.0.1"
      }
    },
    "node_modules/commander": {
      "version": "0.6.1",
      "resolved": "https://registry.npmjs.org/commander/-/commander-0.6.1.tgz",
      "integrity": "sha512-0fLycpl1UMTGX257hRsu/arL/cUbcvQM4zMKwvLvzXtfdezIV4yotPS2dYtknF+NmEfWSoCEF6+hj9XLm/6hEw==",
      "engines": {
        "node": ">= 0.4.x"
      }
    },
    "node_modules/touch-cli": {
      "version": "0.0.1",
      "resolved": "https://registry.npmjs.org/touch-cli/-/touch-cli-0.0.1.tgz",
      "integrity": "sha512-NqFJf+83U4VoPAqv1aG+JrWXwPMKUyPL2zvzJq9n88gBMYlzM5Qgq8Haqs2O2ng4yPwlU9p2KaegJ/W6bkr2fQ==",
      "dependencies": {
        "commander": "0.6.1"
      },
      "bin": {
        "touch": "bin/touch"
      }
    }
  }
}
